
Microsoft Visual Studio Solution File, Format Version 12.00
# Visual Studio Version 17
VisualStudioVersion = 17.0.32014.148
MinimumVisualStudioVersion = 10.0.40219.1
Project("{FAE04EC0-301F-11D3-BF4B-00C04F79EFBC}") = "lab3_final", "lab3_final\lab3_final.csproj", "{457B4411-03D0-4DB3-8119-7A99DE8BEA26}"
EndProject
Project("{FAE04EC0-301F-11D3-BF4B-00C04F79EFBC}") = "MainLibrary", "MainLibrary\MainLibrary.csproj", "{D57665D8-F697-48AE-B087-407BEAAAD27A}"
EndProject
Global
	GlobalSection(SolutionConfigurationPlatforms) = preSolution
		Debug|Any CPU = Debug|Any CPU
		Release|Any CPU = Release|Any CPU
	EndGlobalSection
	GlobalSection(ProjectConfigurationPlatforms) = postSolution
		{457B4411-03D0-4DB3-8119-7A99DE8BEA26}.Debug|Any CPU.ActiveCfg = Debug|Any CPU
		{457B4411-03D0-4DB3-8119-7A99DE8BEA26}.Debug|Any CPU.Build.0 = Debug|Any CPU
		{457B4411-03D0-4DB3-8119-7A99DE8BEA26}.Release|Any CPU.ActiveCfg = Release|Any CPU
		{457B4411-03D0-4DB3-8119-7A99DE8BEA26}.Release|Any CPU.Build.0 = Release|Any CPU
		{D57665D8-F697-48AE-B087-407BEAAAD27A}.Debug|Any CPU.ActiveCfg = Debug|Any CPU
		{D57665D8-F697-48AE-B087-407BEAAAD27A}.Debug|Any CPU.Build.0 = Debug|Any CPU
		{D57665D8-F697-48AE-B087-407BEAAAD27A}.Release|Any CPU.ActiveCfg = Release|Any CPU
		{D57665D8-F697-48AE-B087-407BEAAAD27A}.Release|Any CPU.Build.0 = Release|Any CPU
	EndGlobalSection
	GlobalSection(SolutionProperties) = preSolution
		HideSolutionNode = FALSE
	EndGlobalSection
	GlobalSection(ExtensibilityGlobals) = postSolution
		SolutionGuid = {DB201356-8250-4E92-936E-F3EFCEF85833}
	EndGlobalSection
EndGlobal
